
Microsoft Visual Studio Solution File, Format Version 12.00
# Visual Studio 15
VisualStudioVersion = 15.0.27004.2005
MinimumVisualStudioVersion = 10.0.40219.1
Project("{FAE04EC0-301F-11D3-BF4B-00C04F79EFBC}") = "DynamicQueryFilter", "DynamicQueryFilter\DynamicQueryFilter.csproj", "{2CE050E3-8666-4FA9-8291-9CB998C23511}"
EndProject
Project("{FAE04EC0-301F-11D3-BF4B-00C04F79EFBC}") = "DynamicQueryFilter.Tests", "DynamicQueryFilter.Tests\DynamicQueryFilter.Tests.csproj", "{6DB5CFD6-4F13-41D7-A17B-E20CFC2A6845}"
EndProject
Global
	GlobalSection(SolutionConfigurationPlatforms) = preSolution
		Debug|Any CPU = Debug|Any CPU
		Release|Any CPU = Release|Any CPU
	EndGlobalSection
	GlobalSection(ProjectConfigurationPlatforms) = postSolution
		{2CE050E3-8666-4FA9-8291-9CB998C23511}.Debug|Any CPU.ActiveCfg = Debug|Any CPU
		{2CE050E3-8666-4FA9-8291-9CB998C23511}.Debug|Any CPU.Build.0 = Debug|Any CPU
		{2CE050E3-8666-4FA9-8291-9CB998C23511}.Release|Any CPU.ActiveCfg = Release|Any CPU
		{2CE050E3-8666-4FA9-8291-9CB998C23511}.Release|Any CPU.Build.0 = Release|Any CPU
		{6DB5CFD6-4F13-41D7-A17B-E20CFC2A6845}.Debug|Any CPU.ActiveCfg = Debug|Any CPU
		{6DB5CFD6-4F13-41D7-A17B-E20CFC2A6845}.Debug|Any CPU.Build.0 = Debug|Any CPU
		{6DB5CFD6-4F13-41D7-A17B-E20CFC2A6845}.Release|Any CPU.ActiveCfg = Release|Any CPU
		{6DB5CFD6-4F13-41D7-A17B-E20CFC2A6845}.Release|Any CPU.Build.0 = Release|Any CPU
	EndGlobalSection
	GlobalSection(SolutionProperties) = preSolution
		HideSolutionNode = FALSE
	EndGlobalSection
	GlobalSection(ExtensibilityGlobals) = postSolution
		SolutionGuid = {CED51BD6-2438-4A10-839C-45AA5FE778B4}
	EndGlobalSection
EndGlobal
